
Microsoft Visual Studio Solution File, Format Version 12.00
Project("{FAE04EC0-301F-11D3-BF4B-00C04F79EFBC}") = "Cstati.Events.Workflows.Presentation", "src\Cstati.Events.Workflows.Presentation\Cstati.Events.Workflows.Presentation.csproj", "{88095124-D5BB-4583-A653-BD73F50F18E3}"
EndProject
Project("{2150E333-8FDC-42A3-9474-1A3956D46DE8}") = "common", "common", "{46D71EE5-26AF-4B11-B209-5A2AF891A1BF}"
	ProjectSection(SolutionItems) = preProject
		.editorconfig = .editorconfig
		Directory.Build.props = Directory.Build.props
		Directory.Packages.props = Directory.Packages.props
	EndProjectSection
EndProject
Project("{2150E333-8FDC-42A3-9474-1A3956D46DE8}") = "src", "src", "{2CEB9E93-295E-48B6-AA77-3A5C4D29EF5F}"
EndProject
Project("{FAE04EC0-301F-11D3-BF4B-00C04F79EFBC}") = "Cstati.Events.Workflows.Application", "src\Cstati.Events.Workflows.Application\Cstati.Events.Workflows.Application.csproj", "{11C8547A-547C-4C5E-9922-68BE854D8208}"
EndProject
Project("{FAE04EC0-301F-11D3-BF4B-00C04F79EFBC}") = "Cstati.Events.Workflows.Domain", "src\Cstati.Events.Workflows.Domain\Cstati.Events.Workflows.Domain.csproj", "{DEB5F394-EAA8-4F2C-88C7-A9DA7671A400}"
EndProject
Project("{FAE04EC0-301F-11D3-BF4B-00C04F79EFBC}") = "Cstati.Events.Workflows.Infrastructure", "src\Cstati.Events.Workflows.Infrastructure\Cstati.Events.Workflows.Infrastructure.csproj", "{756930BA-8190-454B-8608-BC2597FFC8E0}"
EndProject
Project("{FAE04EC0-301F-11D3-BF4B-00C04F79EFBC}") = "Cstati.Events.Workflows.Presentation.Abstractions", "src\Cstati.Events.Workflows.Presentation.Abstractions\Cstati.Events.Workflows.Presentation.Abstractions.csproj", "{2870A2B6-DD15-4B5E-8901-FF75AF4E0D46}"
EndProject
Project("{FAE04EC0-301F-11D3-BF4B-00C04F79EFBC}") = "Cstati.Events.Workflows.Infrastructure.Abstractions", "src\Cstati.Events.Workflows.Infrastructure.Abstractions\Cstati.Events.Workflows.Infrastructure.Abstractions.csproj", "{8D8F696D-4D52-433A-AB68-0241EC2A02D9}"
EndProject
Project("{FAE04EC0-301F-11D3-BF4B-00C04F79EFBC}") = "Cstati.Events.Workflows.GenericSubdomain", "src\Cstati.Events.Workflows.GenericSubdomain\Cstati.Events.Workflows.GenericSubdomain.csproj", "{E23A5B4F-9D8B-47C1-BF44-17A450A3A3D0}"
EndProject
Project("{2150E333-8FDC-42A3-9474-1A3956D46DE8}") = "ExternalServices", "ExternalServices", "{F988F848-BED5-48C9-87F2-35FAA73866EF}"
EndProject
Project("{FAE04EC0-301F-11D3-BF4B-00C04F79EFBC}") = "Cstati.Events.Workflows.ExternalServices", "src\Cstati.Events.Workflows.ExternalServices\Cstati.Events.Workflows.ExternalServices.csproj", "{5BF27001-F7D8-430C-87E6-AE745BE1F834}"
EndProject
Project("{FAE04EC0-301F-11D3-BF4B-00C04F79EFBC}") = "Cstati.Events.Workflows.ExternalServices.CstatiTelegramBot", "src\Cstati.Events.Workflows.ExternalServices.CstatiTelegramBot\Cstati.Events.Workflows.ExternalServices.CstatiTelegramBot.csproj", "{546299EA-463E-421E-88B0-C9C17D4E785B}"
EndProject
Project("{FAE04EC0-301F-11D3-BF4B-00C04F79EFBC}") = "Cstati.Events.Workflows.Presentation.Publisher", "src\Cstati.Events.Workflows.Presentation.Publisher\Cstati.Events.Workflows.Presentation.Publisher.csproj", "{DCAE7959-EBF5-4958-B0EB-51D338FDD0EB}"
EndProject
Global
	GlobalSection(SolutionConfigurationPlatforms) = preSolution
		Debug|Any CPU = Debug|Any CPU
		Release|Any CPU = Release|Any CPU
	EndGlobalSection
	GlobalSection(ProjectConfigurationPlatforms) = postSolution
		{88095124-D5BB-4583-A653-BD73F50F18E3}.Debug|Any CPU.ActiveCfg = Debug|Any CPU
		{88095124-D5BB-4583-A653-BD73F50F18E3}.Debug|Any CPU.Build.0 = Debug|Any CPU
		{88095124-D5BB-4583-A653-BD73F50F18E3}.Release|Any CPU.ActiveCfg = Release|Any CPU
		{88095124-D5BB-4583-A653-BD73F50F18E3}.Release|Any CPU.Build.0 = Release|Any CPU
		{11C8547A-547C-4C5E-9922-68BE854D8208}.Debug|Any CPU.ActiveCfg = Debug|Any CPU
		{11C8547A-547C-4C5E-9922-68BE854D8208}.Debug|Any CPU.Build.0 = Debug|Any CPU
		{11C8547A-547C-4C5E-9922-68BE854D8208}.Release|Any CPU.ActiveCfg = Release|Any CPU
		{11C8547A-547C-4C5E-9922-68BE854D8208}.Release|Any CPU.Build.0 = Release|Any CPU
		{DEB5F394-EAA8-4F2C-88C7-A9DA7671A400}.Debug|Any CPU.ActiveCfg = Debug|Any CPU
		{DEB5F394-EAA8-4F2C-88C7-A9DA7671A400}.Debug|Any CPU.Build.0 = Debug|Any CPU
		{DEB5F394-EAA8-4F2C-88C7-A9DA7671A400}.Release|Any CPU.ActiveCfg = Release|Any CPU
		{DEB5F394-EAA8-4F2C-88C7-A9DA7671A400}.Release|Any CPU.Build.0 = Release|Any CPU
		{756930BA-8190-454B-8608-BC2597FFC8E0}.Debug|Any CPU.ActiveCfg = Debug|Any CPU
		{756930BA-8190-454B-8608-BC2597FFC8E0}.Debug|Any CPU.Build.0 = Debug|Any CPU
		{756930BA-8190-454B-8608-BC2597FFC8E0}.Release|Any CPU.ActiveCfg = Release|Any CPU
		{756930BA-8190-454B-8608-BC2597FFC8E0}.Release|Any CPU.Build.0 = Release|Any CPU
		{2870A2B6-DD15-4B5E-8901-FF75AF4E0D46}.Debug|Any CPU.ActiveCfg = Debug|Any CPU
		{2870A2B6-DD15-4B5E-8901-FF75AF4E0D46}.Debug|Any CPU.Build.0 = Debug|Any CPU
		{2870A2B6-DD15-4B5E-8901-FF75AF4E0D46}.Release|Any CPU.ActiveCfg = Release|Any CPU
		{2870A2B6-DD15-4B5E-8901-FF75AF4E0D46}.Release|Any CPU.Build.0 = Release|Any CPU
		{8D8F696D-4D52-433A-AB68-0241EC2A02D9}.Debug|Any CPU.ActiveCfg = Debug|Any CPU
		{8D8F696D-4D52-433A-AB68-0241EC2A02D9}.Debug|Any CPU.Build.0 = Debug|Any CPU
		{8D8F696D-4D52-433A-AB68-0241EC2A02D9}.Release|Any CPU.ActiveCfg = Release|Any CPU
		{8D8F696D-4D52-433A-AB68-0241EC2A02D9}.Release|Any CPU.Build.0 = Release|Any CPU
		{E23A5B4F-9D8B-47C1-BF44-17A450A3A3D0}.Debug|Any CPU.ActiveCfg = Debug|Any CPU
		{E23A5B4F-9D8B-47C1-BF44-17A450A3A3D0}.Debug|Any CPU.Build.0 = Debug|Any CPU
		{E23A5B4F-9D8B-47C1-BF44-17A450A3A3D0}.Release|Any CPU.ActiveCfg = Release|Any CPU
		{E23A5B4F-9D8B-47C1-BF44-17A450A3A3D0}.Release|Any CPU.Build.0 = Release|Any CPU
		{5BF27001-F7D8-430C-87E6-AE745BE1F834}.Debug|Any CPU.ActiveCfg = Debug|Any CPU
		{5BF27001-F7D8-430C-87E6-AE745BE1F834}.Debug|Any CPU.Build.0 = Debug|Any CPU
		{5BF27001-F7D8-430C-87E6-AE745BE1F834}.Release|Any CPU.ActiveCfg = Release|Any CPU
		{5BF27001-F7D8-430C-87E6-AE745BE1F834}.Release|Any CPU.Build.0 = Release|Any CPU
		{546299EA-463E-421E-88B0-C9C17D4E785B}.Debug|Any CPU.ActiveCfg = Debug|Any CPU
		{546299EA-463E-421E-88B0-C9C17D4E785B}.Debug|Any CPU.Build.0 = Debug|Any CPU
		{546299EA-463E-421E-88B0-C9C17D4E785B}.Release|Any CPU.ActiveCfg = Release|Any CPU
		{546299EA-463E-421E-88B0-C9C17D4E785B}.Release|Any CPU.Build.0 = Release|Any CPU
		{DCAE7959-EBF5-4958-B0EB-51D338FDD0EB}.Debug|Any CPU.ActiveCfg = Debug|Any CPU
		{DCAE7959-EBF5-4958-B0EB-51D338FDD0EB}.Debug|Any CPU.Build.0 = Debug|Any CPU
		{DCAE7959-EBF5-4958-B0EB-51D338FDD0EB}.Release|Any CPU.ActiveCfg = Release|Any CPU
		{DCAE7959-EBF5-4958-B0EB-51D338FDD0EB}.Release|Any CPU.Build.0 = Release|Any CPU
	EndGlobalSection
	GlobalSection(NestedProjects) = preSolution
		{88095124-D5BB-4583-A653-BD73F50F18E3} = {2CEB9E93-295E-48B6-AA77-3A5C4D29EF5F}
		{11C8547A-547C-4C5E-9922-68BE854D8208} = {2CEB9E93-295E-48B6-AA77-3A5C4D29EF5F}
		{DEB5F394-EAA8-4F2C-88C7-A9DA7671A400} = {2CEB9E93-295E-48B6-AA77-3A5C4D29EF5F}
		{756930BA-8190-454B-8608-BC2597FFC8E0} = {2CEB9E93-295E-48B6-AA77-3A5C4D29EF5F}
		{2870A2B6-DD15-4B5E-8901-FF75AF4E0D46} = {2CEB9E93-295E-48B6-AA77-3A5C4D29EF5F}
		{8D8F696D-4D52-433A-AB68-0241EC2A02D9} = {2CEB9E93-295E-48B6-AA77-3A5C4D29EF5F}
		{E23A5B4F-9D8B-47C1-BF44-17A450A3A3D0} = {2CEB9E93-295E-48B6-AA77-3A5C4D29EF5F}
		{F988F848-BED5-48C9-87F2-35FAA73866EF} = {2CEB9E93-295E-48B6-AA77-3A5C4D29EF5F}
		{5BF27001-F7D8-430C-87E6-AE745BE1F834} = {F988F848-BED5-48C9-87F2-35FAA73866EF}
		{546299EA-463E-421E-88B0-C9C17D4E785B} = {F988F848-BED5-48C9-87F2-35FAA73866EF}
		{DCAE7959-EBF5-4958-B0EB-51D338FDD0EB} = {2CEB9E93-295E-48B6-AA77-3A5C4D29EF5F}
	EndGlobalSection
EndGlobal
